// !$*UTF8*$!
{
	archiveVersion = 1;
	classes = {
	};
	objectVersion = 56;
	objects = {

/* Begin PBXBuildFile section */
		FFC9E98E29C219C200FB6B2A /* DailyView.swift in Sources */ = {isa = PBXBuildFile; fileRef = FFC9E98D29C219C200FB6B2A /* DailyView.swift */; };
		FFC9E99029C21C7500FB6B2A /* SecondAddEditView.swift in Sources */ = {isa = PBXBuildFile; fileRef = FFC9E98F29C21C7500FB6B2A /* SecondAddEditView.swift */; };
		FFC9E99229C4C29A00FB6B2A /* DataObject.swift in Sources */ = {isa = PBXBuildFile; fileRef = FFC9E99129C4C29A00FB6B2A /* DataObject.swift */; };
		FFD0B5EC29B0ECE600414252 /* Personinal_CapstoneApp.swift in Sources */ = {isa = PBXBuildFile; fileRef = FFD0B5EB29B0ECE600414252 /* Personinal_CapstoneApp.swift */; };
		FFD0B5EE29B0ECE600414252 /* ContentView.swift in Sources */ = {isa = PBXBuildFile; fileRef = FFD0B5ED29B0ECE600414252 /* ContentView.swift */; };
		FFD0B5F029B0ECE700414252 /* Assets.xcassets in Resources */ = {isa = PBXBuildFile; fileRef = FFD0B5EF29B0ECE700414252 /* Assets.xcassets */; };
		FFD0B5F329B0ECE700414252 /* Preview Assets.xcassets in Resources */ = {isa = PBXBuildFile; fileRef = FFD0B5F229B0ECE700414252 /* Preview Assets.xcassets */; };
		FFD0B60329B9092D00414252 /* AddEditView.swift in Sources */ = {isa = PBXBuildFile; fileRef = FFD0B60229B9092D00414252 /* AddEditView.swift */; };
		FFDC24212A26294800FFA8AC /* NoteView.swift in Sources */ = {isa = PBXBuildFile; fileRef = FFDC24202A26294800FFA8AC /* NoteView.swift */; };
		FFDC24232A2644DA00FFA8AC /* AddNoteView.swift in Sources */ = {isa = PBXBuildFile; fileRef = FFDC24222A2644DA00FFA8AC /* AddNoteView.swift */; };
		FFDC24252A2771B900FFA8AC /* ShoppingListView.swift in Sources */ = {isa = PBXBuildFile; fileRef = FFDC24242A2771B900FFA8AC /* ShoppingListView.swift */; };
		FFDC24272A27804C00FFA8AC /* AddShopingListView.swift in Sources */ = {isa = PBXBuildFile; fileRef = FFDC24262A27804C00FFA8AC /* AddShopingListView.swift */; };
		FFDC24292A27A3A700FFA8AC /* AthleticView.swift in Sources */ = {isa = PBXBuildFile; fileRef = FFDC24282A27A3A700FFA8AC /* AthleticView.swift */; };
		FFDC242B2A27B7E900FFA8AC /* AddAthleticActivityView.swift in Sources */ = {isa = PBXBuildFile; fileRef = FFDC242A2A27B7E900FFA8AC /* AddAthleticActivityView.swift */; };
/* End PBXBuildFile section */

/* Begin PBXFileReference section */
		FFC9E98D29C219C200FB6B2A /* DailyView.swift */ = {isa = PBXFileReference; lastKnownFileType = sourcecode.swift; path = DailyView.swift; sourceTree = "<group>"; };
		FFC9E98F29C21C7500FB6B2A /* SecondAddEditView.swift */ = {isa = PBXFileReference; lastKnownFileType = sourcecode.swift; path = SecondAddEditView.swift; sourceTree = "<group>"; };
		FFC9E99129C4C29A00FB6B2A /* DataObject.swift */ = {isa = PBXFileReference; lastKnownFileType = sourcecode.swift; name = DataObject.swift; path = ../../../../../Applications/DataObject.swift; sourceTree = "<group>"; };
		FFD0B5E829B0ECE600414252 /* Personinal Capstone.app */ = {isa = PBXFileReference; explicitFileType = wrapper.application; includeInIndex = 0; path = "Personinal Capstone.app"; sourceTree = BUILT_PRODUCTS_DIR; };
		FFD0B5EB29B0ECE600414252 /* Personinal_CapstoneApp.swift */ = {isa = PBXFileReference; lastKnownFileType = sourcecode.swift; path = Personinal_CapstoneApp.swift; sourceTree = "<group>"; };
		FFD0B5ED29B0ECE600414252 /* ContentView.swift */ = {isa = PBXFileReference; lastKnownFileType = sourcecode.swift; path = ContentView.swift; sourceTree = "<group>"; };
		FFD0B5EF29B0ECE700414252 /* Assets.xcassets */ = {isa = PBXFileReference; lastKnownFileType = folder.assetcatalog; path = Assets.xcassets; sourceTree = "<group>"; };
		FFD0B5F229B0ECE700414252 /* Preview Assets.xcassets */ = {isa = PBXFileReference; lastKnownFileType = folder.assetcatalog; path = "Preview Assets.xcassets"; sourceTree = "<group>"; };
		FFD0B60229B9092D00414252 /* AddEditView.swift */ = {isa = PBXFileReference; lastKnownFileType = sourcecode.swift; path = AddEditView.swift; sourceTree = "<group>"; };
		FFDC24202A26294800FFA8AC /* NoteView.swift */ = {isa = PBXFileReference; lastKnownFileType = sourcecode.swift; path = NoteView.swift; sourceTree = "<group>"; };
		FFDC24222A2644DA00FFA8AC /* AddNoteView.swift */ = {isa = PBXFileReference; lastKnownFileType = sourcecode.swift; path = AddNoteView.swift; sourceTree = "<group>"; };
		FFDC24242A2771B900FFA8AC /* ShoppingListView.swift */ = {isa = PBXFileReference; lastKnownFileType = sourcecode.swift; path = ShoppingListView.swift; sourceTree = "<group>"; };
		FFDC24262A27804C00FFA8AC /* AddShopingListView.swift */ = {isa = PBXFileReference; lastKnownFileType = sourcecode.swift; path = AddShopingListView.swift; sourceTree = "<group>"; };
		FFDC24282A27A3A700FFA8AC /* AthleticView.swift */ = {isa = PBXFileReference; lastKnownFileType = sourcecode.swift; path = AthleticView.swift; sourceTree = "<group>"; };
		FFDC242A2A27B7E900FFA8AC /* AddAthleticActivityView.swift */ = {isa = PBXFileReference; lastKnownFileType = sourcecode.swift; path = AddAthleticActivityView.swift; sourceTree = "<group>"; };
/* End PBXFileReference section */

/* Begin PBXFrameworksBuildPhase section */
		FFD0B5E529B0ECE600414252 /* Frameworks */ = {
			isa = PBXFrameworksBuildPhase;
			buildActionMask = 2147483647;
			files = (
			);
			runOnlyForDeploymentPostprocessing = 0;
		};
/* End PBXFrameworksBuildPhase section */

/* Begin PBXGroup section */
		FFD0B5DF29B0ECE600414252 = {
			isa = PBXGroup;
			children = (
				FFD0B5EA29B0ECE600414252 /* Personinal Capstone */,
				FFD0B5E929B0ECE600414252 /* Products */,
			);
			sourceTree = "<group>";
		};
		FFD0B5E929B0ECE600414252 /* Products */ = {
			isa = PBXGroup;
			children = (
				FFD0B5E829B0ECE600414252 /* Personinal Capstone.app */,
			);
			name = Products;
			sourceTree = "<group>";
		};
		FFD0B5EA29B0ECE600414252 /* Personinal Capstone */ = {
			isa = PBXGroup;
			children = (
				FFD0B5EB29B0ECE600414252 /* Personinal_CapstoneApp.swift */,
				FFD0B5ED29B0ECE600414252 /* ContentView.swift */,
				FFDC24202A26294800FFA8AC /* NoteView.swift */,
				FFDC24222A2644DA00FFA8AC /* AddNoteView.swift */,
				FFDC24242A2771B900FFA8AC /* ShoppingListView.swift */,
				FFDC24262A27804C00FFA8AC /* AddShopingListView.swift */,
				FFC9E99129C4C29A00FB6B2A /* DataObject.swift */,
				FFC9E98D29C219C200FB6B2A /* DailyView.swift */,
				FFDC242A2A27B7E900FFA8AC /* AddAthleticActivityView.swift */,
				FFDC24282A27A3A700FFA8AC /* AthleticView.swift */,
				FFC9E98F29C21C7500FB6B2A /* SecondAddEditView.swift */,
				FFD0B60229B9092D00414252 /* AddEditView.swift */,
				FFD0B5EF29B0ECE700414252 /* Assets.xcassets */,
				FFD0B5F129B0ECE700414252 /* Preview Content */,
			);
			path = "Personinal Capstone";
			sourceTree = "<group>";
		};
		FFD0B5F129B0ECE700414252 /* Preview Content */ = {
			isa = PBXGroup;
			children = (
				FFD0B5F229B0ECE700414252 /* Preview Assets.xcassets */,
			);
			path = "Preview Content";
			sourceTree = "<group>";
		};
/* End PBXGroup section */

/* Begin PBXNativeTarget section */
		FFD0B5E729B0ECE600414252 /* Personinal Capstone */ = {
			isa = PBXNativeTarget;
			buildConfigurationList = FFD0B5F629B0ECE700414252 /* Build configuration list for PBXNativeTarget "Personinal Capstone" */;
			buildPhases = (
				FFD0B5E429B0ECE600414252 /* Sources */,
				FFD0B5E529B0ECE600414252 /* Frameworks */,
				FFD0B5E629B0ECE600414252 /* Resources */,
			);
			buildRules = (
			);
			dependencies = (
			);
			name = "Personinal Capstone";
			productName = "Personinal Capstone";
			productReference = FFD0B5E829B0ECE600414252 /* Personinal Capstone.app */;
			productType = "com.apple.product-type.application";
		};
/* End PBXNativeTarget section */

/* Begin PBXProject section */
		FFD0B5E029B0ECE600414252 /* Project object */ = {
			isa = PBXProject;
			attributes = {
				BuildIndependentTargetsInParallel = 1;
				LastSwiftUpdateCheck = 1400;
				LastUpgradeCheck = 1400;
				TargetAttributes = {
					FFD0B5E729B0ECE600414252 = {
						CreatedOnToolsVersion = 14.0.1;
					};
				};
			};
			buildConfigurationList = FFD0B5E329B0ECE600414252 /* Build configuration list for PBXProject "Personinal Capstone" */;
			compatibilityVersion = "Xcode 14.0";
			developmentRegion = en;
			hasScannedForEncodings = 0;
			knownRegions = (
				en,
				Base,
			);
			mainGroup = FFD0B5DF29B0ECE600414252;
			productRefGroup = FFD0B5E929B0ECE600414252 /* Products */;
			projectDirPath = "";
			projectRoot = "";
			targets = (
				FFD0B5E729B0ECE600414252 /* Personinal Capstone */,
			);
		};
/* End PBXProject section */

/* Begin PBXResourcesBuildPhase section */
		FFD0B5E629B0ECE600414252 /* Resources */ = {
			isa = PBXResourcesBuildPhase;
			buildActionMask = 2147483647;
			files = (
				FFD0B5F329B0ECE700414252 /* Preview Assets.xcassets in Resources */,
				FFD0B5F029B0ECE700414252 /* Assets.xcassets in Resources */,
			);
			runOnlyForDeploymentPostprocessing = 0;
		};
/* End PBXResourcesBuildPhase section */

/* Begin PBXSourcesBuildPhase section */
		FFD0B5E429B0ECE600414252 /* Sources */ = {
			isa = PBXSourcesBuildPhase;
			buildActionMask = 2147483647;
			files = (
				FFDC24252A2771B900FFA8AC /* ShoppingListView.swift in Sources */,
				FFDC24292A27A3A700FFA8AC /* AthleticView.swift in Sources */,
				FFC9E98E29C219C200FB6B2A /* DailyView.swift in Sources */,
				FFD0B60329B9092D00414252 /* AddEditView.swift in Sources */,
				FFD0B5EE29B0ECE600414252 /* ContentView.swift in Sources */,
				FFD0B5EC29B0ECE600414252 /* Personinal_CapstoneApp.swift in Sources */,
				FFC9E99229C4C29A00FB6B2A /* DataObject.swift in Sources */,
				FFDC242B2A27B7E900FFA8AC /* AddAthleticActivityView.swift in Sources */,
				FFDC24212A26294800FFA8AC /* NoteView.swift in Sources */,
				FFDC24272A27804C00FFA8AC /* AddShopingListView.swift in Sources */,
				FFDC24232A2644DA00FFA8AC /* AddNoteView.swift in Sources */,
				FFC9E99029C21C7500FB6B2A /* SecondAddEditView.swift in Sources */,
			);
			runOnlyForDeploymentPostprocessing = 0;
		};
/* End PBXSourcesBuildPhase section */

/* Begin XCBuildConfiguration section */
		FFD0B5F429B0ECE700414252 /* Debug */ = {
			isa = XCBuildConfiguration;
			buildSettings = {
				ALWAYS_SEARCH_USER_PATHS = NO;
				CLANG_ANALYZER_NONNULL = YES;
				CLANG_ANALYZER_NUMBER_OBJECT_CONVERSION = YES_AGGRESSIVE;
				CLANG_CXX_LANGUAGE_STANDARD = "gnu++20";
				CLANG_ENABLE_MODULES = YES;
				CLANG_ENABLE_OBJC_ARC = YES;
				CLANG_ENABLE_OBJC_WEAK = YES;
				CLANG_WARN_BLOCK_CAPTURE_AUTORELEASING = YES;
				CLANG_WARN_BOOL_CONVERSION = YES;
				CLANG_WARN_COMMA = YES;
				CLANG_WARN_CONSTANT_CONVERSION = YES;
				CLANG_WARN_DEPRECATED_OBJC_IMPLEMENTATIONS = YES;
				CLANG_WARN_DIRECT_OBJC_ISA_USAGE = YES_ERROR;
				CLANG_WARN_DOCUMENTATION_COMMENTS = YES;
				CLANG_WARN_EMPTY_BODY = YES;
				CLANG_WARN_ENUM_CONVERSION = YES;
				CLANG_WARN_INFINITE_RECURSION = YES;
				CLANG_WARN_INT_CONVERSION = YES;
				CLANG_WARN_NON_LITERAL_NULL_CONVERSION = YES;
				CLANG_WARN_OBJC_IMPLICIT_RETAIN_SELF = YES;
				CLANG_WARN_OBJC_LITERAL_CONVERSION = YES;
				CLANG_WARN_OBJC_ROOT_CLASS = YES_ERROR;
				CLANG_WARN_QUOTED_INCLUDE_IN_FRAMEWORK_HEADER = YES;
				CLANG_WARN_RANGE_LOOP_ANALYSIS = YES;
				CLANG_WARN_STRICT_PROTOTYPES = YES;
				CLANG_WARN_SUSPICIOUS_MOVE = YES;
				CLANG_WARN_UNGUARDED_AVAILABILITY = YES_AGGRESSIVE;
				CLANG_WARN_UNREACHABLE_CODE = YES;
				CLANG_WARN__DUPLICATE_METHOD_MATCH = YES;
				COPY_PHASE_STRIP = NO;
				DEBUG_INFORMATION_FORMAT = dwarf;
				ENABLE_STRICT_OBJC_MSGSEND = YES;
				ENABLE_TESTABILITY = YES;
				GCC_C_LANGUAGE_STANDARD = gnu11;
				GCC_DYNAMIC_NO_PIC = NO;
				GCC_NO_COMMON_BLOCKS = YES;
				GCC_OPTIMIZATION_LEVEL = 0;
				GCC_PREPROCESSOR_DEFINITIONS = (
					"DEBUG=1",
					"$(inherited)",
				);
				GCC_WARN_64_TO_32_BIT_CONVERSION = YES;
				GCC_WARN_ABOUT_RETURN_TYPE = YES_ERROR;
				GCC_WARN_UNDECLARED_SELECTOR = YES;
				GCC_WARN_UNINITIALIZED_AUTOS = YES_AGGRESSIVE;
				GCC_WARN_UNUSED_FUNCTION = YES;
				GCC_WARN_UNUSED_VARIABLE = YES;
				IPHONEOS_DEPLOYMENT_TARGET = 16.0;
				MTL_ENABLE_DEBUG_INFO = INCLUDE_SOURCE;
				MTL_FAST_MATH = YES;
				ONLY_ACTIVE_ARCH = YES;
				SDKROOT = iphoneos;
				SWIFT_ACTIVE_COMPILATION_CONDITIONS = DEBUG;
				SWIFT_OPTIMIZATION_LEVEL = "-Onone";
			};
			name = Debug;
		};
		FFD0B5F529B0ECE700414252 /* Release */ = {
			isa = XCBuildConfiguration;
			buildSettings = {
				ALWAYS_SEARCH_USER_PATHS = NO;
				CLANG_ANALYZER_NONNULL = YES;
				CLANG_ANALYZER_NUMBER_OBJECT_CONVERSION = YES_AGGRESSIVE;
				CLANG_CXX_LANGUAGE_STANDARD = "gnu++20";
				CLANG_ENABLE_MODULES = YES;
				CLANG_ENABLE_OBJC_ARC = YES;
				CLANG_ENABLE_OBJC_WEAK = YES;
				CLANG_WARN_BLOCK_CAPTURE_AUTORELEASING = YES;
				CLANG_WARN_BOOL_CONVERSION = YES;
				CLANG_WARN_COMMA = YES;
				CLANG_WARN_CONSTANT_CONVERSION = YES;
				CLANG_WARN_DEPRECATED_OBJC_IMPLEMENTATIONS = YES;
				CLANG_WARN_DIRECT_OBJC_ISA_USAGE = YES_ERROR;
				CLANG_WARN_DOCUMENTATION_COMMENTS = YES;
				CLANG_WARN_EMPTY_BODY = YES;
				CLANG_WARN_ENUM_CONVERSION = YES;
				CLANG_WARN_INFINITE_RECURSION = YES;
				CLANG_WARN_INT_CONVERSION = YES;
				CLANG_WARN_NON_LITERAL_NULL_CONVERSION = YES;
				CLANG_WARN_OBJC_IMPLICIT_RETAIN_SELF = YES;
				CLANG_WARN_OBJC_LITERAL_CONVERSION = YES;
				CLANG_WARN_OBJC_ROOT_CLASS = YES_ERROR;
				CLANG_WARN_QUOTED_INCLUDE_IN_FRAMEWORK_HEADER = YES;
				CLANG_WARN_RANGE_LOOP_ANALYSIS = YES;
				CLANG_WARN_STRICT_PROTOTYPES = YES;
				CLANG_WARN_SUSPICIOUS_MOVE = YES;
				CLANG_WARN_UNGUARDED_AVAILABILITY = YES_AGGRESSIVE;
				CLANG_WARN_UNREACHABLE_CODE = YES;
				CLANG_WARN__DUPLICATE_METHOD_MATCH = YES;
				COPY_PHASE_STRIP = NO;
				DEBUG_INFORMATION_FORMAT = "dwarf-with-dsym";
				ENABLE_NS_ASSERTIONS = NO;
				ENABLE_STRICT_OBJC_MSGSEND = YES;
				GCC_C_LANGUAGE_STANDARD = gnu11;
				GCC_NO_COMMON_BLOCKS = YES;
				GCC_WARN_64_TO_32_BIT_CONVERSION = YES;
				GCC_WARN_ABOUT_RETURN_TYPE = YES_ERROR;
				GCC_WARN_UNDECLARED_SELECTOR = YES;
				GCC_WARN_UNINITIALIZED_AUTOS = YES_AGGRESSIVE;
				GCC_WARN_UNUSED_FUNCTION = YES;
				GCC_WARN_UNUSED_VARIABLE = YES;
				IPHONEOS_DEPLOYMENT_TARGET = 16.0;
				MTL_ENABLE_DEBUG_INFO = NO;
				MTL_FAST_MATH = YES;
				SDKROOT = iphoneos;
				SWIFT_COMPILATION_MODE = wholemodule;
				SWIFT_OPTIMIZATION_LEVEL = "-O";
				VALIDATE_PRODUCT = YES;
			};
			name = Release;
		};
		FFD0B5F729B0ECE700414252 /* Debug */ = {
			isa = XCBuildConfiguration;
			buildSettings = {
				ASSETCATALOG_COMPILER_APPICON_NAME = AppIcon;
				ASSETCATALOG_COMPILER_GLOBAL_ACCENT_COLOR_NAME = AccentColor;
				CODE_SIGN_STYLE = Automatic;
				CURRENT_PROJECT_VERSION = 1;
				DEVELOPMENT_ASSET_PATHS = "\"Personinal Capstone/Preview Content\"";
				ENABLE_PREVIEWS = YES;
				GENERATE_INFOPLIST_FILE = YES;
				INFOPLIST_KEY_UIApplicationSceneManifest_Generation = YES;
				INFOPLIST_KEY_UIApplicationSupportsIndirectInputEvents = YES;
				INFOPLIST_KEY_UILaunchScreen_Generation = YES;
				INFOPLIST_KEY_UISupportedInterfaceOrientations_iPad = "UIInterfaceOrientationPortrait UIInterfaceOrientationPortraitUpsideDown UIInterfaceOrientationLandscapeLeft UIInterfaceOrientationLandscapeRight";
				INFOPLIST_KEY_UISupportedInterfaceOrientations_iPhone = "UIInterfaceOrientationPortrait UIInterfaceOrientationLandscapeLeft UIInterfaceOrientationLandscapeRight";
				LD_RUNPATH_SEARCH_PATHS = (
					"$(inherited)",
					"@executable_path/Frameworks",
				);
				MARKETING_VERSION = 1.0;
				PRODUCT_BUNDLE_IDENTIFIER = "Code.Personinal-Capstone";
				PRODUCT_NAME = "$(TARGET_NAME)";
				SWIFT_EMIT_LOC_STRINGS = YES;
				SWIFT_VERSION = 5.0;
				TARGETED_DEVICE_FAMILY = "1,2";
			};
			name = Debug;
		};
		FFD0B5F829B0ECE700414252 /* Release */ = {
			isa = XCBuildConfiguration;
			buildSettings = {
				ASSETCATALOG_COMPILER_APPICON_NAME = AppIcon;
				ASSETCATALOG_COMPILER_GLOBAL_ACCENT_COLOR_NAME = AccentColor;
				CODE_SIGN_STYLE = Automatic;
				CURRENT_PROJECT_VERSION = 1;
				DEVELOPMENT_ASSET_PATHS = "\"Personinal Capstone/Preview Content\"";
				ENABLE_PREVIEWS = YES;
				GENERATE_INFOPLIST_FILE = YES;
				INFOPLIST_KEY_UIApplicationSceneManifest_Generation = YES;
				INFOPLIST_KEY_UIApplicationSupportsIndirectInputEvents = YES;
				INFOPLIST_KEY_UILaunchScreen_Generation = YES;
				INFOPLIST_KEY_UISupportedInterfaceOrientations_iPad = "UIInterfaceOrientationPortrait UIInterfaceOrientationPortraitUpsideDown UIInterfaceOrientationLandscapeLeft UIInterfaceOrientationLandscapeRight";
				INFOPLIST_KEY_UISupportedInterfaceOrientations_iPhone = "UIInterfaceOrientationPortrait UIInterfaceOrientationLandscapeLeft UIInterfaceOrientationLandscapeRight";
				LD_RUNPATH_SEARCH_PATHS = (
					"$(inherited)",
					"@executable_path/Frameworks",
				);
				MARKETING_VERSION = 1.0;
				PRODUCT_BUNDLE_IDENTIFIER = "Code.Personinal-Capstone";
				PRODUCT_NAME = "$(TARGET_NAME)";
				SWIFT_EMIT_LOC_STRINGS = YES;
				SWIFT_VERSION = 5.0;
				TARGETED_DEVICE_FAMILY = "1,2";
			};
			name = Release;
		};
/* End XCBuildConfiguration section */

/* Begin XCConfigurationList section */
		FFD0B5E329B0ECE600414252 /* Build configuration list for PBXProject "Personinal Capstone" */ = {
			isa = XCConfigurationList;
			buildConfigurations = (
				FFD0B5F429B0ECE700414252 /* Debug */,
				FFD0B5F529B0ECE700414252 /* Release */,
			);
			defaultConfigurationIsVisible = 0;
			defaultConfigurationName = Release;
		};
		FFD0B5F629B0ECE700414252 /* Build configuration list for PBXNativeTarget "Personinal Capstone" */ = {
			isa = XCConfigurationList;
			buildConfigurations = (
				FFD0B5F729B0ECE700414252 /* Debug */,
				FFD0B5F829B0ECE700414252 /* Release */,
			);
			defaultConfigurationIsVisible = 0;
			defaultConfigurationName = Release;
		};
/* End XCConfigurationList section */
	};
	rootObject = FFD0B5E029B0ECE600414252 /* Project object */;
}
